
Microsoft Visual Studio Solution File, Format Version 12.00
# Visual Studio Version 16
VisualStudioVersion = 16.0.30907.101
MinimumVisualStudioVersion = 10.0.40219.1
Project("{9A19103F-16F7-4668-BE54-9A1E7A4F7556}") = "PopupSample", "src\PopupSample\PopupSample.csproj", "{684FEC4F-92B6-4BED-A1CB-BE2F694C789D}"
EndProject
Project("{FAE04EC0-301F-11D3-BF4B-00C04F79EFBC}") = "PopupSample.Android", "src\PopupSample.Android\PopupSample.Android.csproj", "{3CC9D137-A9A3-47FA-BCE3-60A65FE001B7}"
EndProject
Project("{FAE04EC0-301F-11D3-BF4B-00C04F79EFBC}") = "PopupSample.iOS", "src\PopupSample.iOS\PopupSample.iOS.csproj", "{209C0EC9-6B7F-429D-AB65-737DD858DCE4}"
EndProject
Project("{FAE04EC0-301F-11D3-BF4B-00C04F79EFBC}") = "PopupSample.UWP", "src\PopupSample.UWP\PopupSample.UWP.csproj", "{990683B6-CBB2-4071-BEC5-119AE73D853D}"
EndProject
Global
	GlobalSection(SolutionConfigurationPlatforms) = preSolution
		Debug|Any CPU = Debug|Any CPU
		Debug|ARM = Debug|ARM
		Debug|iPhone = Debug|iPhone
		Debug|iPhoneSimulator = Debug|iPhoneSimulator
		Debug|x64 = Debug|x64
		Debug|x86 = Debug|x86
		Release|Any CPU = Release|Any CPU
		Release|ARM = Release|ARM
		Release|iPhone = Release|iPhone
		Release|iPhoneSimulator = Release|iPhoneSimulator
		Release|x64 = Release|x64
		Release|x86 = Release|x86
	EndGlobalSection
	GlobalSection(ProjectConfigurationPlatforms) = postSolution
		{684FEC4F-92B6-4BED-A1CB-BE2F694C789D}.Debug|Any CPU.ActiveCfg = Debug|Any CPU
		{684FEC4F-92B6-4BED-A1CB-BE2F694C789D}.Debug|Any CPU.Build.0 = Debug|Any CPU
		{684FEC4F-92B6-4BED-A1CB-BE2F694C789D}.Debug|ARM.ActiveCfg = Debug|Any CPU
		{684FEC4F-92B6-4BED-A1CB-BE2F694C789D}.Debug|ARM.Build.0 = Debug|Any CPU
		{684FEC4F-92B6-4BED-A1CB-BE2F694C789D}.Debug|iPhone.ActiveCfg = Debug|Any CPU
		{684FEC4F-92B6-4BED-A1CB-BE2F694C789D}.Debug|iPhone.Build.0 = Debug|Any CPU
		{684FEC4F-92B6-4BED-A1CB-BE2F694C789D}.Debug|iPhoneSimulator.ActiveCfg = Debug|Any CPU
		{684FEC4F-92B6-4BED-A1CB-BE2F694C789D}.Debug|iPhoneSimulator.Build.0 = Debug|Any CPU
		{684FEC4F-92B6-4BED-A1CB-BE2F694C789D}.Debug|x64.ActiveCfg = Debug|Any CPU
		{684FEC4F-92B6-4BED-A1CB-BE2F694C789D}.Debug|x64.Build.0 = Debug|Any CPU
		{684FEC4F-92B6-4BED-A1CB-BE2F694C789D}.Debug|x86.ActiveCfg = Debug|Any CPU
		{684FEC4F-92B6-4BED-A1CB-BE2F694C789D}.Debug|x86.Build.0 = Debug|Any CPU
		{684FEC4F-92B6-4BED-A1CB-BE2F694C789D}.Release|Any CPU.ActiveCfg = Release|Any CPU
		{684FEC4F-92B6-4BED-A1CB-BE2F694C789D}.Release|Any CPU.Build.0 = Release|Any CPU
		{684FEC4F-92B6-4BED-A1CB-BE2F694C789D}.Release|ARM.ActiveCfg = Release|Any CPU
		{684FEC4F-92B6-4BED-A1CB-BE2F694C789D}.Release|ARM.Build.0 = Release|Any CPU
		{684FEC4F-92B6-4BED-A1CB-BE2F694C789D}.Release|iPhone.ActiveCfg = Release|Any CPU
		{684FEC4F-92B6-4BED-A1CB-BE2F694C789D}.Release|iPhone.Build.0 = Release|Any CPU
		{684FEC4F-92B6-4BED-A1CB-BE2F694C789D}.Release|iPhoneSimulator.ActiveCfg = Release|Any CPU
		{684FEC4F-92B6-4BED-A1CB-BE2F694C789D}.Release|iPhoneSimulator.Build.0 = Release|Any CPU
		{684FEC4F-92B6-4BED-A1CB-BE2F694C789D}.Release|x64.ActiveCfg = Release|Any CPU
		{684FEC4F-92B6-4BED-A1CB-BE2F694C789D}.Release|x64.Build.0 = Release|Any CPU
		{684FEC4F-92B6-4BED-A1CB-BE2F694C789D}.Release|x86.ActiveCfg = Release|Any CPU
		{684FEC4F-92B6-4BED-A1CB-BE2F694C789D}.Release|x86.Build.0 = Release|Any CPU
		{3CC9D137-A9A3-47FA-BCE3-60A65FE001B7}.Debug|Any CPU.ActiveCfg = Debug|Any CPU
		{3CC9D137-A9A3-47FA-BCE3-60A65FE001B7}.Debug|Any CPU.Build.0 = Debug|Any CPU
		{3CC9D137-A9A3-47FA-BCE3-60A65FE001B7}.Debug|Any CPU.Deploy.0 = Debug|Any CPU
		{3CC9D137-A9A3-47FA-BCE3-60A65FE001B7}.Debug|ARM.ActiveCfg = Debug|Any CPU
		{3CC9D137-A9A3-47FA-BCE3-60A65FE001B7}.Debug|ARM.Build.0 = Debug|Any CPU
		{3CC9D137-A9A3-47FA-BCE3-60A65FE001B7}.Debug|ARM.Deploy.0 = Debug|Any CPU
		{3CC9D137-A9A3-47FA-BCE3-60A65FE001B7}.Debug|iPhone.ActiveCfg = Debug|Any CPU
		{3CC9D137-A9A3-47FA-BCE3-60A65FE001B7}.Debug|iPhone.Build.0 = Debug|Any CPU
		{3CC9D137-A9A3-47FA-BCE3-60A65FE001B7}.Debug|iPhone.Deploy.0 = Debug|Any CPU
		{3CC9D137-A9A3-47FA-BCE3-60A65FE001B7}.Debug|iPhoneSimulator.ActiveCfg = Debug|Any CPU
		{3CC9D137-A9A3-47FA-BCE3-60A65FE001B7}.Debug|iPhoneSimulator.Build.0 = Debug|Any CPU
		{3CC9D137-A9A3-47FA-BCE3-60A65FE001B7}.Debug|iPhoneSimulator.Deploy.0 = Debug|Any CPU
		{3CC9D137-A9A3-47FA-BCE3-60A65FE001B7}.Debug|x64.ActiveCfg = Debug|Any CPU
		{3CC9D137-A9A3-47FA-BCE3-60A65FE001B7}.Debug|x64.Build.0 = Debug|Any CPU
		{3CC9D137-A9A3-47FA-BCE3-60A65FE001B7}.Debug|x64.Deploy.0 = Debug|Any CPU
		{3CC9D137-A9A3-47FA-BCE3-60A65FE001B7}.Debug|x86.ActiveCfg = Debug|Any CPU
		{3CC9D137-A9A3-47FA-BCE3-60A65FE001B7}.Debug|x86.Build.0 = Debug|Any CPU
		{3CC9D137-A9A3-47FA-BCE3-60A65FE001B7}.Debug|x86.Deploy.0 = Debug|Any CPU
		{3CC9D137-A9A3-47FA-BCE3-60A65FE001B7}.Release|Any CPU.ActiveCfg = Release|Any CPU
		{3CC9D137-A9A3-47FA-BCE3-60A65FE001B7}.Release|Any CPU.Build.0 = Release|Any CPU
		{3CC9D137-A9A3-47FA-BCE3-60A65FE001B7}.Release|Any CPU.Deploy.0 = Release|Any CPU
		{3CC9D137-A9A3-47FA-BCE3-60A65FE001B7}.Release|ARM.ActiveCfg = Release|Any CPU
		{3CC9D137-A9A3-47FA-BCE3-60A65FE001B7}.Release|ARM.Build.0 = Release|Any CPU
		{3CC9D137-A9A3-47FA-BCE3-60A65FE001B7}.Release|ARM.Deploy.0 = Release|Any CPU
		{3CC9D137-A9A3-47FA-BCE3-60A65FE001B7}.Release|iPhone.ActiveCfg = Release|Any CPU
		{3CC9D137-A9A3-47FA-BCE3-60A65FE001B7}.Release|iPhone.Build.0 = Release|Any CPU
		{3CC9D137-A9A3-47FA-BCE3-60A65FE001B7}.Release|iPhone.Deploy.0 = Release|Any CPU
		{3CC9D137-A9A3-47FA-BCE3-60A65FE001B7}.Release|iPhoneSimulator.ActiveCfg = Release|Any CPU
		{3CC9D137-A9A3-47FA-BCE3-60A65FE001B7}.Release|iPhoneSimulator.Build.0 = Release|Any CPU
		{3CC9D137-A9A3-47FA-BCE3-60A65FE001B7}.Release|iPhoneSimulator.Deploy.0 = Release|Any CPU
		{3CC9D137-A9A3-47FA-BCE3-60A65FE001B7}.Release|x64.ActiveCfg = Release|Any CPU
		{3CC9D137-A9A3-47FA-BCE3-60A65FE001B7}.Release|x64.Build.0 = Release|Any CPU
		{3CC9D137-A9A3-47FA-BCE3-60A65FE001B7}.Release|x64.Deploy.0 = Release|Any CPU
		{3CC9D137-A9A3-47FA-BCE3-60A65FE001B7}.Release|x86.ActiveCfg = Release|Any CPU
		{3CC9D137-A9A3-47FA-BCE3-60A65FE001B7}.Release|x86.Build.0 = Release|Any CPU
		{3CC9D137-A9A3-47FA-BCE3-60A65FE001B7}.Release|x86.Deploy.0 = Release|Any CPU
		{209C0EC9-6B7F-429D-AB65-737DD858DCE4}.Debug|Any CPU.ActiveCfg = Debug|iPhoneSimulator
		{209C0EC9-6B7F-429D-AB65-737DD858DCE4}.Debug|ARM.ActiveCfg = Debug|iPhoneSimulator
		{209C0EC9-6B7F-429D-AB65-737DD858DCE4}.Debug|iPhone.ActiveCfg = Debug|iPhone
		{209C0EC9-6B7F-429D-AB65-737DD858DCE4}.Debug|iPhone.Build.0 = Debug|iPhone
		{209C0EC9-6B7F-429D-AB65-737DD858DCE4}.Debug|iPhoneSimulator.ActiveCfg = Debug|iPhoneSimulator
		{209C0EC9-6B7F-429D-AB65-737DD858DCE4}.Debug|iPhoneSimulator.Build.0 = Debug|iPhoneSimulator
		{209C0EC9-6B7F-429D-AB65-737DD858DCE4}.Debug|x64.ActiveCfg = Debug|iPhoneSimulator
		{209C0EC9-6B7F-429D-AB65-737DD858DCE4}.Debug|x86.ActiveCfg = Debug|iPhoneSimulator
		{209C0EC9-6B7F-429D-AB65-737DD858DCE4}.Release|Any CPU.ActiveCfg = Release|iPhoneSimulator
		{209C0EC9-6B7F-429D-AB65-737DD858DCE4}.Release|ARM.ActiveCfg = Release|iPhoneSimulator
		{209C0EC9-6B7F-429D-AB65-737DD858DCE4}.Release|iPhone.ActiveCfg = Release|iPhone
		{209C0EC9-6B7F-429D-AB65-737DD858DCE4}.Release|iPhone.Build.0 = Release|iPhone
		{209C0EC9-6B7F-429D-AB65-737DD858DCE4}.Release|iPhoneSimulator.ActiveCfg = Release|iPhoneSimulator
		{209C0EC9-6B7F-429D-AB65-737DD858DCE4}.Release|iPhoneSimulator.Build.0 = Release|iPhoneSimulator
		{209C0EC9-6B7F-429D-AB65-737DD858DCE4}.Release|x64.ActiveCfg = Release|iPhoneSimulator
		{209C0EC9-6B7F-429D-AB65-737DD858DCE4}.Release|x86.ActiveCfg = Release|iPhoneSimulator
		{990683B6-CBB2-4071-BEC5-119AE73D853D}.Debug|Any CPU.ActiveCfg = Debug|x86
		{990683B6-CBB2-4071-BEC5-119AE73D853D}.Debug|ARM.ActiveCfg = Debug|ARM
		{990683B6-CBB2-4071-BEC5-119AE73D853D}.Debug|ARM.Build.0 = Debug|ARM
		{990683B6-CBB2-4071-BEC5-119AE73D853D}.Debug|ARM.Deploy.0 = Debug|ARM
		{990683B6-CBB2-4071-BEC5-119AE73D853D}.Debug|iPhone.ActiveCfg = Debug|x86
		{990683B6-CBB2-4071-BEC5-119AE73D853D}.Debug|iPhoneSimulator.ActiveCfg = Debug|x86
		{990683B6-CBB2-4071-BEC5-119AE73D853D}.Debug|x64.ActiveCfg = Debug|x64
		{990683B6-CBB2-4071-BEC5-119AE73D853D}.Debug|x64.Build.0 = Debug|x64
		{990683B6-CBB2-4071-BEC5-119AE73D853D}.Debug|x64.Deploy.0 = Debug|x64
		{990683B6-CBB2-4071-BEC5-119AE73D853D}.Debug|x86.ActiveCfg = Debug|x86
		{990683B6-CBB2-4071-BEC5-119AE73D853D}.Debug|x86.Build.0 = Debug|x86
		{990683B6-CBB2-4071-BEC5-119AE73D853D}.Debug|x86.Deploy.0 = Debug|x86
		{990683B6-CBB2-4071-BEC5-119AE73D853D}.Release|Any CPU.ActiveCfg = Release|x86
		{990683B6-CBB2-4071-BEC5-119AE73D853D}.Release|ARM.ActiveCfg = Release|ARM
		{990683B6-CBB2-4071-BEC5-119AE73D853D}.Release|ARM.Build.0 = Release|ARM
		{990683B6-CBB2-4071-BEC5-119AE73D853D}.Release|ARM.Deploy.0 = Release|ARM
		{990683B6-CBB2-4071-BEC5-119AE73D853D}.Release|iPhone.ActiveCfg = Release|x86
		{990683B6-CBB2-4071-BEC5-119AE73D853D}.Release|iPhoneSimulator.ActiveCfg = Release|x86
		{990683B6-CBB2-4071-BEC5-119AE73D853D}.Release|x64.ActiveCfg = Release|x64
		{990683B6-CBB2-4071-BEC5-119AE73D853D}.Release|x64.Build.0 = Release|x64
		{990683B6-CBB2-4071-BEC5-119AE73D853D}.Release|x64.Deploy.0 = Release|x64
		{990683B6-CBB2-4071-BEC5-119AE73D853D}.Release|x86.ActiveCfg = Release|x86
		{990683B6-CBB2-4071-BEC5-119AE73D853D}.Release|x86.Build.0 = Release|x86
		{990683B6-CBB2-4071-BEC5-119AE73D853D}.Release|x86.Deploy.0 = Release|x86
	EndGlobalSection
	GlobalSection(SolutionProperties) = preSolution
		HideSolutionNode = FALSE
	EndGlobalSection
	GlobalSection(ExtensibilityGlobals) = postSolution
		SolutionGuid = {890EE22F-9B92-414C-ACDE-5CF99DA1AC58}
	EndGlobalSection
EndGlobal
